# THIS IS AN AUTOGENERATED FILE. DO NOT EDIT THIS FILE DIRECTLY.
# yarn lockfile v1


"@fortawesome/fontawesome-free@^6.6.0":
  version "6.6.0"
  resolved "https://registry.npmjs.org/@fortawesome/fontawesome-free/-/fontawesome-free-6.6.0.tgz#0e984f0f2344ee513c185d87d77defac4c0c8224"
  integrity sha512-60G28ke/sXdtS9KZCpZSHHkCbdsOGEhIUGlwq6yhY74UpTiToIh8np7A8yphhM4BWsvNFtIvLpi4co+h9Mr9Ow==

fontawesome-iconpicker@^3.2.0:
  version "3.2.0"
  resolved "https://registry.npmjs.org/fontawesome-iconpicker/-/fontawesome-iconpicker-3.2.0.tgz#48b535ec1cc077f00b8d63b659eb03da7d72d972"
  integrity sha512-faI7fhGmO61u1WnYpFoHZ1OiL1xQo8KfX3ranq50KkDz5Jh/klaVjf8vhedQIJquVV28GJ61e/MChRTpQ6POTw==
